
Microsoft Visual Studio Solution File, Format Version 12.00
# Visual Studio 15
VisualStudioVersion = 15.0.28010.2041
MinimumVisualStudioVersion = 10.0.40219.1
Project("{FAE04EC0-301F-11D3-BF4B-00C04F79EFBC}") = "Server", "Server\Server.csproj", "{2DA45AFC-8BD9-43D0-AA49-52340D78F1B5}"
EndProject
Project("{FAE04EC0-301F-11D3-BF4B-00C04F79EFBC}") = "Client", "Client\Client.csproj", "{BD57C6FB-2494-4596-807D-C2D3C0CEF7C7}"
EndProject
Project("{FAE04EC0-301F-11D3-BF4B-00C04F79EFBC}") = "Service", "Service\Service.csproj", "{761FAF8C-DDAE-48C0-BE75-83009BC278E8}"
EndProject
Project("{FAE04EC0-301F-11D3-BF4B-00C04F79EFBC}") = "UnitTestProject", "UnitTestProject\UnitTestProject.csproj", "{B97C9CE0-626D-4015-971D-3DF0B0D6C8CF}"
EndProject
Global
	GlobalSection(SolutionConfigurationPlatforms) = preSolution
		Debug|Any CPU = Debug|Any CPU
		Release|Any CPU = Release|Any CPU
	EndGlobalSection
	GlobalSection(ProjectConfigurationPlatforms) = postSolution
		{2DA45AFC-8BD9-43D0-AA49-52340D78F1B5}.Debug|Any CPU.ActiveCfg = Debug|Any CPU
		{2DA45AFC-8BD9-43D0-AA49-52340D78F1B5}.Debug|Any CPU.Build.0 = Debug|Any CPU
		{2DA45AFC-8BD9-43D0-AA49-52340D78F1B5}.Release|Any CPU.ActiveCfg = Release|Any CPU
		{2DA45AFC-8BD9-43D0-AA49-52340D78F1B5}.Release|Any CPU.Build.0 = Release|Any CPU
		{BD57C6FB-2494-4596-807D-C2D3C0CEF7C7}.Debug|Any CPU.ActiveCfg = Debug|Any CPU
		{BD57C6FB-2494-4596-807D-C2D3C0CEF7C7}.Debug|Any CPU.Build.0 = Debug|Any CPU
		{BD57C6FB-2494-4596-807D-C2D3C0CEF7C7}.Release|Any CPU.ActiveCfg = Release|Any CPU
		{BD57C6FB-2494-4596-807D-C2D3C0CEF7C7}.Release|Any CPU.Build.0 = Release|Any CPU
		{761FAF8C-DDAE-48C0-BE75-83009BC278E8}.Debug|Any CPU.ActiveCfg = Debug|Any CPU
		{761FAF8C-DDAE-48C0-BE75-83009BC278E8}.Debug|Any CPU.Build.0 = Debug|Any CPU
		{761FAF8C-DDAE-48C0-BE75-83009BC278E8}.Release|Any CPU.ActiveCfg = Release|Any CPU
		{761FAF8C-DDAE-48C0-BE75-83009BC278E8}.Release|Any CPU.Build.0 = Release|Any CPU
		{B97C9CE0-626D-4015-971D-3DF0B0D6C8CF}.Debug|Any CPU.ActiveCfg = Debug|Any CPU
		{B97C9CE0-626D-4015-971D-3DF0B0D6C8CF}.Debug|Any CPU.Build.0 = Debug|Any CPU
		{B97C9CE0-626D-4015-971D-3DF0B0D6C8CF}.Release|Any CPU.ActiveCfg = Release|Any CPU
		{B97C9CE0-626D-4015-971D-3DF0B0D6C8CF}.Release|Any CPU.Build.0 = Release|Any CPU
	EndGlobalSection
	GlobalSection(SolutionProperties) = preSolution
		HideSolutionNode = FALSE
	EndGlobalSection
	GlobalSection(ExtensibilityGlobals) = postSolution
		SolutionGuid = {0C5EFED9-5577-47DA-B4BC-4AE2461ECBF5}
	EndGlobalSection
EndGlobal
